
Microsoft Visual Studio Solution File, Format Version 12.00
# Visual Studio 15
VisualStudioVersion = 15.0.27428.1
MinimumVisualStudioVersion = 10.0.40219.1
Project("{FAE04EC0-301F-11D3-BF4B-00C04F79EFBC}") = "OrdreMissionGen", "OrdreMissionGen\OrdreMissionGen.csproj", "{64911604-E85C-40EF-ABBD-FD1E0BA7571C}"
EndProject
Global
	GlobalSection(SolutionConfigurationPlatforms) = preSolution
		Debug|Any CPU = Debug|Any CPU
		Release|Any CPU = Release|Any CPU
	EndGlobalSection
	GlobalSection(ProjectConfigurationPlatforms) = postSolution
		{64911604-E85C-40EF-ABBD-FD1E0BA7571C}.Debug|Any CPU.ActiveCfg = Debug|Any CPU
		{64911604-E85C-40EF-ABBD-FD1E0BA7571C}.Debug|Any CPU.Build.0 = Debug|Any CPU
		{64911604-E85C-40EF-ABBD-FD1E0BA7571C}.Release|Any CPU.ActiveCfg = Release|Any CPU
		{64911604-E85C-40EF-ABBD-FD1E0BA7571C}.Release|Any CPU.Build.0 = Release|Any CPU
	EndGlobalSection
	GlobalSection(SolutionProperties) = preSolution
		HideSolutionNode = FALSE
	EndGlobalSection
	GlobalSection(ExtensibilityGlobals) = postSolution
		SolutionGuid = {E1D04BFC-B078-4044-8270-A8AE0A287EF2}
	EndGlobalSection
EndGlobal
